
Microsoft Visual Studio Solution File, Format Version 12.00
# Visual Studio Version 17
VisualStudioVersion = 17.5.33502.453
MinimumVisualStudioVersion = 10.0.40219.1
Project("{FAE04EC0-301F-11D3-BF4B-00C04F79EFBC}") = "movie_back", "movie_back.csproj", "{3FD18664-2F1F-4EC5-8112-9B99CD378FE1}"
EndProject
Global
	GlobalSection(SolutionConfigurationPlatforms) = preSolution
		Debug|Any CPU = Debug|Any CPU
		Release|Any CPU = Release|Any CPU
	EndGlobalSection
	GlobalSection(ProjectConfigurationPlatforms) = postSolution
		{3FD18664-2F1F-4EC5-8112-9B99CD378FE1}.Debug|Any CPU.ActiveCfg = Debug|Any CPU
		{3FD18664-2F1F-4EC5-8112-9B99CD378FE1}.Debug|Any CPU.Build.0 = Debug|Any CPU
		{3FD18664-2F1F-4EC5-8112-9B99CD378FE1}.Release|Any CPU.ActiveCfg = Release|Any CPU
		{3FD18664-2F1F-4EC5-8112-9B99CD378FE1}.Release|Any CPU.Build.0 = Release|Any CPU
	EndGlobalSection
	GlobalSection(SolutionProperties) = preSolution
		HideSolutionNode = FALSE
	EndGlobalSection
	GlobalSection(ExtensibilityGlobals) = postSolution
		SolutionGuid = {6D693A9D-A2F6-4A43-9CE1-749B9D316956}
	EndGlobalSection
EndGlobal
